
Microsoft Visual Studio Solution File, Format Version 12.00
# Visual Studio 15
VisualStudioVersion = 15.0.28307.852
MinimumVisualStudioVersion = 10.0.40219.1
Project("{FAE04EC0-301F-11D3-BF4B-00C04F79EFBC}") = "BatchRenamer", "BatchRenamer\BatchRenamer.csproj", "{30210E98-306D-46EB-B984-52593C190D1D}"
EndProject
Project("{FAE04EC0-301F-11D3-BF4B-00C04F79EFBC}") = "BatchRenamerTests", "BatchRenamerTests\BatchRenamerTests.csproj", "{21A487D0-A715-46A5-9E37-B2BA0F1E8C2D}"
EndProject
Project("{2150E333-8FDC-42A3-9474-1A3956D46DE8}") = "Solution Items", "Solution Items", "{4F197C1E-F793-4728-BD9F-AFE352DE6810}"
	ProjectSection(SolutionItems) = preProject
		appveyor.yml = appveyor.yml
		CHANGELOG.md = CHANGELOG.md
		CONTRIBUTING.md = CONTRIBUTING.md
		ISSUE_TEMPLATE.md = ISSUE_TEMPLATE.md
		README.md = README.md
	EndProjectSection
EndProject
Global
	GlobalSection(SolutionConfigurationPlatforms) = preSolution
		Debug|Any CPU = Debug|Any CPU
		Release|Any CPU = Release|Any CPU
	EndGlobalSection
	GlobalSection(ProjectConfigurationPlatforms) = postSolution
		{30210E98-306D-46EB-B984-52593C190D1D}.Debug|Any CPU.ActiveCfg = Debug|Any CPU
		{30210E98-306D-46EB-B984-52593C190D1D}.Debug|Any CPU.Build.0 = Debug|Any CPU
		{30210E98-306D-46EB-B984-52593C190D1D}.Release|Any CPU.ActiveCfg = Release|Any CPU
		{30210E98-306D-46EB-B984-52593C190D1D}.Release|Any CPU.Build.0 = Release|Any CPU
		{21A487D0-A715-46A5-9E37-B2BA0F1E8C2D}.Debug|Any CPU.ActiveCfg = Debug|Any CPU
		{21A487D0-A715-46A5-9E37-B2BA0F1E8C2D}.Debug|Any CPU.Build.0 = Debug|Any CPU
		{21A487D0-A715-46A5-9E37-B2BA0F1E8C2D}.Release|Any CPU.ActiveCfg = Release|Any CPU
		{21A487D0-A715-46A5-9E37-B2BA0F1E8C2D}.Release|Any CPU.Build.0 = Release|Any CPU
	EndGlobalSection
	GlobalSection(SolutionProperties) = preSolution
		HideSolutionNode = FALSE
	EndGlobalSection
	GlobalSection(ExtensibilityGlobals) = postSolution
		SolutionGuid = {82DAAA18-DEA1-4D42-A2F0-7B02E3189F22}
	EndGlobalSection
EndGlobal
